{
  "name": "trello-clone",
  "version": "1.0.0",
  "lockfileVersion": 2,
  "requires": true,
  "packages": {
    "": {
      "name": "trello-clone",
      "version": "1.0.0",
      "license": "ISC",
      "devDependencies": {
        "@cloudflare/workers-types": "^4.20230904.0",
        "@types/web": "^0.0.114"
      }
    },
    "node_modules/@cloudflare/workers-types": {
      "version": "4.20230904.0",
      "resolved": "https://registry.npmjs.org/@cloudflare/workers-types/-/workers-types-4.20230904.0.tgz",
      "integrity": "sha512-IX4oJCe14ctblSPZBlW64BVZ9nYLUo6sD2I5gu3hX0ywByYWm1OuoKm9Xb/Zpbj8Ph18Z7Ryii6u2/ocnncXdA==",
      "dev": true
    },
    "node_modules/@types/web": {
      "version": "0.0.114",
      "resolved": "https://registry.npmjs.org/@types/web/-/web-0.0.114.tgz",
      "integrity": "sha512-nrkwsB8u0VNHwElFSl6ZCgu0BCbsQu5BPq7mJtBpW7rYBmiLZNWE5KqcHDw8GXQMqWsnFB3EnXsAx7UysQwcMg==",
      "dev": true
    }
  },
  "dependencies": {
    "@cloudflare/workers-types": {
      "version": "4.20230904.0",
      "resolved": "https://registry.npmjs.org/@cloudflare/workers-types/-/workers-types-4.20230904.0.tgz",
      "integrity": "sha512-IX4oJCe14ctblSPZBlW64BVZ9nYLUo6sD2I5gu3hX0ywByYWm1OuoKm9Xb/Zpbj8Ph18Z7Ryii6u2/ocnncXdA==",
      "dev": true
    },
    "@types/web": {
      "version": "0.0.114",
      "resolved": "https://registry.npmjs.org/@types/web/-/web-0.0.114.tgz",
      "integrity": "sha512-nrkwsB8u0VNHwElFSl6ZCgu0BCbsQu5BPq7mJtBpW7rYBmiLZNWE5KqcHDw8GXQMqWsnFB3EnXsAx7UysQwcMg==",
      "dev": true
    }
  }
}
